
Microsoft Visual Studio Solution File, Format Version 12.00
# Visual Studio 15
VisualStudioVersion = 15.0.27130.2024
MinimumVisualStudioVersion = 10.0.40219.1
Project("{FAE04EC0-301F-11D3-BF4B-00C04F79EFBC}") = "ConsoleApp1", "ConsoleApp1\ConsoleApp1.csproj", "{61555267-79F7-48A7-B683-2F50BDC323E8}"
EndProject
Project("{FAE04EC0-301F-11D3-BF4B-00C04F79EFBC}") = "SimpleArrays", "SimpleArrays\SimpleArrays.csproj", "{11AAD938-3CFC-4170-9B84-955F0162BB54}"
EndProject
Project("{FAE04EC0-301F-11D3-BF4B-00C04F79EFBC}") = "ClassArrays", "ClassArrays\ClassArrays.csproj", "{9EC63603-1604-4727-9596-665F2EED045F}"
EndProject
Project("{FAE04EC0-301F-11D3-BF4B-00C04F79EFBC}") = "Enum", "Enum\Enum.csproj", "{B26944D9-7916-44D9-9C32-B8BCE0730AEC}"
EndProject
Project("{FAE04EC0-301F-11D3-BF4B-00C04F79EFBC}") = "Struct", "Struct\Struct.csproj", "{99ED7F9F-7ECF-4AD0-8A5B-AC6668E94CF7}"
EndProject
Project("{FAE04EC0-301F-11D3-BF4B-00C04F79EFBC}") = "class", "class\class.csproj", "{D8F98B3F-B986-4C70-9830-A7527D9DDF2A}"
EndProject
Project("{FAE04EC0-301F-11D3-BF4B-00C04F79EFBC}") = "StaticDataMembers", "StaticDataMembers\StaticDataMembers.csproj", "{F9383CB1-5625-41D3-AF26-522BE76DC3AE}"
EndProject
Project("{FAE04EC0-301F-11D3-BF4B-00C04F79EFBC}") = "SimpleUtilityClass", "SimpleUtilityClass\SimpleUtilityClass.csproj", "{AD5D335D-EADC-4CC6-BAA1-73BC8A38E55A}"
EndProject
Project("{FAE04EC0-301F-11D3-BF4B-00C04F79EFBC}") = "EmployeeApp", "EmployeeApp\EmployeeApp.csproj", "{0046AFD3-2F7A-43E7-9288-C1C35E48CA9E}"
EndProject
Project("{FAE04EC0-301F-11D3-BF4B-00C04F79EFBC}") = "Garage", "Garage\Garage.csproj", "{476BB349-D982-4869-AB13-84D0B2EC82C3}"
EndProject
Project("{FAE04EC0-301F-11D3-BF4B-00C04F79EFBC}") = "Point", "Point\Point.csproj", "{7B77C294-B868-401E-A5EF-DB98DE0E00F5}"
EndProject
Project("{FAE04EC0-301F-11D3-BF4B-00C04F79EFBC}") = "Employees", "Employees\Employees.csproj", "{F34C86A4-8845-479D-9F0B-07610089B15B}"
EndProject
Project("{FAE04EC0-301F-11D3-BF4B-00C04F79EFBC}") = "ObjectsOverrides", "ObjectsOverrides\ObjectsOverrides.csproj", "{459FD1B4-594C-46B8-810E-1D1C0C467E8A}"
EndProject
Global
	GlobalSection(SolutionConfigurationPlatforms) = preSolution
		Debug|Any CPU = Debug|Any CPU
		Release|Any CPU = Release|Any CPU
	EndGlobalSection
	GlobalSection(ProjectConfigurationPlatforms) = postSolution
		{61555267-79F7-48A7-B683-2F50BDC323E8}.Debug|Any CPU.ActiveCfg = Debug|Any CPU
		{61555267-79F7-48A7-B683-2F50BDC323E8}.Debug|Any CPU.Build.0 = Debug|Any CPU
		{61555267-79F7-48A7-B683-2F50BDC323E8}.Release|Any CPU.ActiveCfg = Release|Any CPU
		{61555267-79F7-48A7-B683-2F50BDC323E8}.Release|Any CPU.Build.0 = Release|Any CPU
		{11AAD938-3CFC-4170-9B84-955F0162BB54}.Debug|Any CPU.ActiveCfg = Debug|Any CPU
		{11AAD938-3CFC-4170-9B84-955F0162BB54}.Debug|Any CPU.Build.0 = Debug|Any CPU
		{11AAD938-3CFC-4170-9B84-955F0162BB54}.Release|Any CPU.ActiveCfg = Release|Any CPU
		{11AAD938-3CFC-4170-9B84-955F0162BB54}.Release|Any CPU.Build.0 = Release|Any CPU
		{9EC63603-1604-4727-9596-665F2EED045F}.Debug|Any CPU.ActiveCfg = Debug|Any CPU
		{9EC63603-1604-4727-9596-665F2EED045F}.Debug|Any CPU.Build.0 = Debug|Any CPU
		{9EC63603-1604-4727-9596-665F2EED045F}.Release|Any CPU.ActiveCfg = Release|Any CPU
		{9EC63603-1604-4727-9596-665F2EED045F}.Release|Any CPU.Build.0 = Release|Any CPU
		{B26944D9-7916-44D9-9C32-B8BCE0730AEC}.Debug|Any CPU.ActiveCfg = Debug|Any CPU
		{B26944D9-7916-44D9-9C32-B8BCE0730AEC}.Debug|Any CPU.Build.0 = Debug|Any CPU
		{B26944D9-7916-44D9-9C32-B8BCE0730AEC}.Release|Any CPU.ActiveCfg = Release|Any CPU
		{B26944D9-7916-44D9-9C32-B8BCE0730AEC}.Release|Any CPU.Build.0 = Release|Any CPU
		{99ED7F9F-7ECF-4AD0-8A5B-AC6668E94CF7}.Debug|Any CPU.ActiveCfg = Debug|Any CPU
		{99ED7F9F-7ECF-4AD0-8A5B-AC6668E94CF7}.Debug|Any CPU.Build.0 = Debug|Any CPU
		{99ED7F9F-7ECF-4AD0-8A5B-AC6668E94CF7}.Release|Any CPU.ActiveCfg = Release|Any CPU
		{99ED7F9F-7ECF-4AD0-8A5B-AC6668E94CF7}.Release|Any CPU.Build.0 = Release|Any CPU
		{D8F98B3F-B986-4C70-9830-A7527D9DDF2A}.Debug|Any CPU.ActiveCfg = Debug|Any CPU
		{D8F98B3F-B986-4C70-9830-A7527D9DDF2A}.Debug|Any CPU.Build.0 = Debug|Any CPU
		{D8F98B3F-B986-4C70-9830-A7527D9DDF2A}.Release|Any CPU.ActiveCfg = Release|Any CPU
		{D8F98B3F-B986-4C70-9830-A7527D9DDF2A}.Release|Any CPU.Build.0 = Release|Any CPU
		{F9383CB1-5625-41D3-AF26-522BE76DC3AE}.Debug|Any CPU.ActiveCfg = Debug|Any CPU
		{F9383CB1-5625-41D3-AF26-522BE76DC3AE}.Debug|Any CPU.Build.0 = Debug|Any CPU
		{F9383CB1-5625-41D3-AF26-522BE76DC3AE}.Release|Any CPU.ActiveCfg = Release|Any CPU
		{F9383CB1-5625-41D3-AF26-522BE76DC3AE}.Release|Any CPU.Build.0 = Release|Any CPU
		{AD5D335D-EADC-4CC6-BAA1-73BC8A38E55A}.Debug|Any CPU.ActiveCfg = Debug|Any CPU
		{AD5D335D-EADC-4CC6-BAA1-73BC8A38E55A}.Debug|Any CPU.Build.0 = Debug|Any CPU
		{AD5D335D-EADC-4CC6-BAA1-73BC8A38E55A}.Release|Any CPU.ActiveCfg = Release|Any CPU
		{AD5D335D-EADC-4CC6-BAA1-73BC8A38E55A}.Release|Any CPU.Build.0 = Release|Any CPU
		{0046AFD3-2F7A-43E7-9288-C1C35E48CA9E}.Debug|Any CPU.ActiveCfg = Debug|Any CPU
		{0046AFD3-2F7A-43E7-9288-C1C35E48CA9E}.Debug|Any CPU.Build.0 = Debug|Any CPU
		{0046AFD3-2F7A-43E7-9288-C1C35E48CA9E}.Release|Any CPU.ActiveCfg = Release|Any CPU
		{0046AFD3-2F7A-43E7-9288-C1C35E48CA9E}.Release|Any CPU.Build.0 = Release|Any CPU
		{476BB349-D982-4869-AB13-84D0B2EC82C3}.Debug|Any CPU.ActiveCfg = Debug|Any CPU
		{476BB349-D982-4869-AB13-84D0B2EC82C3}.Debug|Any CPU.Build.0 = Debug|Any CPU
		{476BB349-D982-4869-AB13-84D0B2EC82C3}.Release|Any CPU.ActiveCfg = Release|Any CPU
		{476BB349-D982-4869-AB13-84D0B2EC82C3}.Release|Any CPU.Build.0 = Release|Any CPU
		{7B77C294-B868-401E-A5EF-DB98DE0E00F5}.Debug|Any CPU.ActiveCfg = Debug|Any CPU
		{7B77C294-B868-401E-A5EF-DB98DE0E00F5}.Debug|Any CPU.Build.0 = Debug|Any CPU
		{7B77C294-B868-401E-A5EF-DB98DE0E00F5}.Release|Any CPU.ActiveCfg = Release|Any CPU
		{7B77C294-B868-401E-A5EF-DB98DE0E00F5}.Release|Any CPU.Build.0 = Release|Any CPU
		{F34C86A4-8845-479D-9F0B-07610089B15B}.Debug|Any CPU.ActiveCfg = Debug|Any CPU
		{F34C86A4-8845-479D-9F0B-07610089B15B}.Debug|Any CPU.Build.0 = Debug|Any CPU
		{F34C86A4-8845-479D-9F0B-07610089B15B}.Release|Any CPU.ActiveCfg = Release|Any CPU
		{F34C86A4-8845-479D-9F0B-07610089B15B}.Release|Any CPU.Build.0 = Release|Any CPU
		{459FD1B4-594C-46B8-810E-1D1C0C467E8A}.Debug|Any CPU.ActiveCfg = Debug|Any CPU
		{459FD1B4-594C-46B8-810E-1D1C0C467E8A}.Debug|Any CPU.Build.0 = Debug|Any CPU
		{459FD1B4-594C-46B8-810E-1D1C0C467E8A}.Release|Any CPU.ActiveCfg = Release|Any CPU
		{459FD1B4-594C-46B8-810E-1D1C0C467E8A}.Release|Any CPU.Build.0 = Release|Any CPU
	EndGlobalSection
	GlobalSection(SolutionProperties) = preSolution
		HideSolutionNode = FALSE
	EndGlobalSection
	GlobalSection(ExtensibilityGlobals) = postSolution
		SolutionGuid = {10C78233-97C8-4952-B969-3EAA9ADFC902}
	EndGlobalSection
EndGlobal
