
Microsoft Visual Studio Solution File, Format Version 12.00
# Visual Studio 15
VisualStudioVersion = 15.0.27130.2024
MinimumVisualStudioVersion = 10.0.40219.1
Project("{FAE04EC0-301F-11D3-BF4B-00C04F79EFBC}") = "ConsoleApp1", "ConsoleApp1\ConsoleApp1.csproj", "{61555267-79F7-48A7-B683-2F50BDC323E8}"
EndProject
Project("{FAE04EC0-301F-11D3-BF4B-00C04F79EFBC}") = "SimpleArrays", "SimpleArrays\SimpleArrays.csproj", "{11AAD938-3CFC-4170-9B84-955F0162BB54}"
EndProject
Project("{FAE04EC0-301F-11D3-BF4B-00C04F79EFBC}") = "ClassArrays", "ClassArrays\ClassArrays.csproj", "{9EC63603-1604-4727-9596-665F2EED045F}"
EndProject
Project("{FAE04EC0-301F-11D3-BF4B-00C04F79EFBC}") = "Enum", "Enum\Enum.csproj", "{B26944D9-7916-44D9-9C32-B8BCE0730AEC}"
EndProject
Global
	GlobalSection(SolutionConfigurationPlatforms) = preSolution
		Debug|Any CPU = Debug|Any CPU
		Release|Any CPU = Release|Any CPU
	EndGlobalSection
	GlobalSection(ProjectConfigurationPlatforms) = postSolution
		{61555267-79F7-48A7-B683-2F50BDC323E8}.Debug|Any CPU.ActiveCfg = Debug|Any CPU
		{61555267-79F7-48A7-B683-2F50BDC323E8}.Debug|Any CPU.Build.0 = Debug|Any CPU
		{61555267-79F7-48A7-B683-2F50BDC323E8}.Release|Any CPU.ActiveCfg = Release|Any CPU
		{61555267-79F7-48A7-B683-2F50BDC323E8}.Release|Any CPU.Build.0 = Release|Any CPU
		{11AAD938-3CFC-4170-9B84-955F0162BB54}.Debug|Any CPU.ActiveCfg = Debug|Any CPU
		{11AAD938-3CFC-4170-9B84-955F0162BB54}.Debug|Any CPU.Build.0 = Debug|Any CPU
		{11AAD938-3CFC-4170-9B84-955F0162BB54}.Release|Any CPU.ActiveCfg = Release|Any CPU
		{11AAD938-3CFC-4170-9B84-955F0162BB54}.Release|Any CPU.Build.0 = Release|Any CPU
		{9EC63603-1604-4727-9596-665F2EED045F}.Debug|Any CPU.ActiveCfg = Debug|Any CPU
		{9EC63603-1604-4727-9596-665F2EED045F}.Debug|Any CPU.Build.0 = Debug|Any CPU
		{9EC63603-1604-4727-9596-665F2EED045F}.Release|Any CPU.ActiveCfg = Release|Any CPU
		{9EC63603-1604-4727-9596-665F2EED045F}.Release|Any CPU.Build.0 = Release|Any CPU
		{B26944D9-7916-44D9-9C32-B8BCE0730AEC}.Debug|Any CPU.ActiveCfg = Debug|Any CPU
		{B26944D9-7916-44D9-9C32-B8BCE0730AEC}.Debug|Any CPU.Build.0 = Debug|Any CPU
		{B26944D9-7916-44D9-9C32-B8BCE0730AEC}.Release|Any CPU.ActiveCfg = Release|Any CPU
		{B26944D9-7916-44D9-9C32-B8BCE0730AEC}.Release|Any CPU.Build.0 = Release|Any CPU
	EndGlobalSection
	GlobalSection(SolutionProperties) = preSolution
		HideSolutionNode = FALSE
	EndGlobalSection
	GlobalSection(ExtensibilityGlobals) = postSolution
		SolutionGuid = {10C78233-97C8-4952-B969-3EAA9ADFC902}
	EndGlobalSection
EndGlobal
